
Microsoft Visual Studio Solution File, Format Version 12.00
# Visual Studio 15
VisualStudioVersion = 15.0.27428.2037
MinimumVisualStudioVersion = 10.0.40219.1
Project("{FAE04EC0-301F-11D3-BF4B-00C04F79EFBC}") = "Ex03.GarageLogic", "Ex03.GarageLogic\Ex03.GarageLogic.csproj", "{071D7569-255A-44AE-89AA-ABA1DE8C0CAA}"
EndProject
Project("{FAE04EC0-301F-11D3-BF4B-00C04F79EFBC}") = "Ex03.ConsoleUI", "Ex03.ConsoleUI\Ex03.ConsoleUI.csproj", "{E2D53060-4C3F-44E1-94BA-0E9155B15412}"
EndProject
Project("{2150E333-8FDC-42A3-9474-1A3956D46DE8}") = "Solution Items", "Solution Items", "{19945120-8FFE-4AEB-B52A-F6674ACB4706}"
	ProjectSection(SolutionItems) = preProject
		\\Mac\Home\Desktop\B18 Ex03 Gal 203836598 Afik 302190947.docx = \\Mac\Home\Desktop\B18 Ex03 Gal 203836598 Afik 302190947.docx
		text.txt = text.txt
	EndProjectSection
EndProject
Global
	GlobalSection(SolutionConfigurationPlatforms) = preSolution
		Debug|Any CPU = Debug|Any CPU
		Release|Any CPU = Release|Any CPU
	EndGlobalSection
	GlobalSection(ProjectConfigurationPlatforms) = postSolution
		{071D7569-255A-44AE-89AA-ABA1DE8C0CAA}.Debug|Any CPU.ActiveCfg = Debug|Any CPU
		{071D7569-255A-44AE-89AA-ABA1DE8C0CAA}.Debug|Any CPU.Build.0 = Debug|Any CPU
		{071D7569-255A-44AE-89AA-ABA1DE8C0CAA}.Release|Any CPU.ActiveCfg = Release|Any CPU
		{071D7569-255A-44AE-89AA-ABA1DE8C0CAA}.Release|Any CPU.Build.0 = Release|Any CPU
		{E2D53060-4C3F-44E1-94BA-0E9155B15412}.Debug|Any CPU.ActiveCfg = Debug|Any CPU
		{E2D53060-4C3F-44E1-94BA-0E9155B15412}.Debug|Any CPU.Build.0 = Debug|Any CPU
		{E2D53060-4C3F-44E1-94BA-0E9155B15412}.Release|Any CPU.ActiveCfg = Release|Any CPU
		{E2D53060-4C3F-44E1-94BA-0E9155B15412}.Release|Any CPU.Build.0 = Release|Any CPU
	EndGlobalSection
	GlobalSection(SolutionProperties) = preSolution
		HideSolutionNode = FALSE
	EndGlobalSection
	GlobalSection(ExtensibilityGlobals) = postSolution
		SolutionGuid = {DBF8D9BE-D312-4B16-A7F0-226F54E29C07}
	EndGlobalSection
EndGlobal
